{
  "version": 4,
  "terraform_version": "1.0.4",
  "serial": 109,
  "lineage": "682047eb-7b56-80f3-93bf-1dfe4751241a",
  "outputs": {},
  "resources": [
    {
      "mode": "managed",
      "type": "google_compute_firewall",
      "name": "allow-443-egress",
      "provider": "provider[\"registry.terraform.io/hashicorp/google\"]",
      "instances": [
        {
          "schema_version": 1,
          "attributes": {
            "allow": [
              {
                "ports": [
                  "443"
                ],
                "protocol": "tcp"
              }
            ],
            "creation_timestamp": "2021-11-04T11:41:35.043-07:00",
            "deny": [],
            "description": "",
            "destination_ranges": [
              "172.19.0.32/28"
            ],
            "direction": "EGRESS",
            "disabled": false,
            "enable_logging": null,
            "id": "projects/probable-drive-327613/global/firewalls/allow-443-egress",
            "log_config": [],
            "name": "allow-443-egress",
            "network": "https://www.googleapis.com/compute/v1/projects/probable-drive-327613/global/networks/jonathan-gen-vpc",
            "priority": 1000,
            "project": "probable-drive-327613",
            "self_link": "https://www.googleapis.com/compute/v1/projects/probable-drive-327613/global/firewalls/allow-443-egress",
            "source_ranges": [],
            "source_service_accounts": [],
            "source_tags": [],
            "target_service_accounts": [],
            "target_tags": [
              "test-server"
            ],
            "timeouts": null
          },
          "sensitive_attributes": [],
          "private": "eyJlMmJmYjczMC1lY2FhLTExZTYtOGY4OC0zNDM2M2JjN2M0YzAiOnsiY3JlYXRlIjoyNDAwMDAwMDAwMDAsImRlbGV0ZSI6MjQwMDAwMDAwMDAwLCJ1cGRhdGUiOjI0MDAwMDAwMDAwMH0sInNjaGVtYV92ZXJzaW9uIjoiMSJ9",
          "dependencies": [
            "google_compute_network.jonathan-gen-vpc"
          ]
        }
      ]
    },
    {
      "mode": "managed",
      "type": "google_compute_firewall",
      "name": "tunnel-iap-all-firewal",
      "provider": "provider[\"registry.terraform.io/hashicorp/google\"]",
      "instances": [
        {
          "schema_version": 1,
          "attributes": {
            "allow": [
              {
                "ports": [],
                "protocol": "all"
              }
            ],
            "creation_timestamp": "2021-11-04T02:28:33.864-07:00",
            "deny": [],
            "description": "",
            "destination_ranges": [],
            "direction": "INGRESS",
            "disabled": false,
            "enable_logging": null,
            "id": "projects/probable-drive-327613/global/firewalls/tunnel-iap-all-firewall",
            "log_config": [],
            "name": "tunnel-iap-all-firewall",
            "network": "https://www.googleapis.com/compute/v1/projects/probable-drive-327613/global/networks/jonathan-gen-vpc",
            "priority": 1000,
            "project": "probable-drive-327613",
            "self_link": "https://www.googleapis.com/compute/v1/projects/probable-drive-327613/global/firewalls/tunnel-iap-all-firewall",
            "source_ranges": [
              "35.235.240.0/20"
            ],
            "source_service_accounts": [],
            "source_tags": [],
            "target_service_accounts": [],
            "target_tags": [
              "gke-cluster",
              "test-server"
            ],
            "timeouts": null
          },
          "sensitive_attributes": [],
          "private": "eyJlMmJmYjczMC1lY2FhLTExZTYtOGY4OC0zNDM2M2JjN2M0YzAiOnsiY3JlYXRlIjoyNDAwMDAwMDAwMDAsImRlbGV0ZSI6MjQwMDAwMDAwMDAwLCJ1cGRhdGUiOjI0MDAwMDAwMDAwMH0sInNjaGVtYV92ZXJzaW9uIjoiMSJ9",
          "dependencies": [
            "google_compute_network.jonathan-gen-vpc"
          ]
        }
      ]
    },
    {
      "mode": "managed",
      "type": "google_compute_firewall",
      "name": "tunnel-iap-firewal",
      "provider": "provider[\"registry.terraform.io/hashicorp/google\"]",
      "instances": [
        {
          "schema_version": 1,
          "attributes": {
            "allow": [
              {
                "ports": [
                  "22"
                ],
                "protocol": "tcp"
              }
            ],
            "creation_timestamp": "2021-11-04T02:28:33.955-07:00",
            "deny": [],
            "description": "",
            "destination_ranges": [],
            "direction": "INGRESS",
            "disabled": false,
            "enable_logging": null,
            "id": "projects/probable-drive-327613/global/firewalls/tunnel-iap-firewall",
            "log_config": [],
            "name": "tunnel-iap-firewall",
            "network": "https://www.googleapis.com/compute/v1/projects/probable-drive-327613/global/networks/jonathan-gen-vpc",
            "priority": 1000,
            "project": "probable-drive-327613",
            "self_link": "https://www.googleapis.com/compute/v1/projects/probable-drive-327613/global/firewalls/tunnel-iap-firewall",
            "source_ranges": [
              "35.235.240.0/20"
            ],
            "source_service_accounts": [],
            "source_tags": [],
            "target_service_accounts": [],
            "target_tags": [
              "gke-cluster",
              "test-server"
            ],
            "timeouts": null
          },
          "sensitive_attributes": [],
          "private": "eyJlMmJmYjczMC1lY2FhLTExZTYtOGY4OC0zNDM2M2JjN2M0YzAiOnsiY3JlYXRlIjoyNDAwMDAwMDAwMDAsImRlbGV0ZSI6MjQwMDAwMDAwMDAwLCJ1cGRhdGUiOjI0MDAwMDAwMDAwMH0sInNjaGVtYV92ZXJzaW9uIjoiMSJ9",
          "dependencies": [
            "google_compute_network.jonathan-gen-vpc"
          ]
        }
      ]
    },
    {
      "mode": "managed",
      "type": "google_compute_instance",
      "name": "jonathan-gen-instance",
      "provider": "provider[\"registry.terraform.io/hashicorp/google\"]",
      "instances": [
        {
          "schema_version": 6,
          "attributes": {
            "advanced_machine_features": [],
            "allow_stopping_for_update": null,
            "attached_disk": [],
            "boot_disk": [
              {
                "auto_delete": true,
                "device_name": "persistent-disk-0",
                "disk_encryption_key_raw": "",
                "disk_encryption_key_sha256": "",
                "initialize_params": [
                  {
                    "image": "https://www.googleapis.com/compute/v1/projects/debian-cloud/global/images/debian-9-stretch-v20211104",
                    "labels": {},
                    "size": 10,
                    "type": "pd-standard"
                  }
                ],
                "kms_key_self_link": "",
                "mode": "READ_WRITE",
                "source": "https://www.googleapis.com/compute/v1/projects/probable-drive-327613/zones/us-west1-b/disks/jonathan-gen-instance"
              }
            ],
            "can_ip_forward": false,
            "confidential_instance_config": [],
            "cpu_platform": "Intel Broadwell",
            "current_status": "RUNNING",
            "deletion_protection": false,
            "description": "",
            "desired_status": null,
            "enable_display": false,
            "guest_accelerator": [],
            "hostname": "",
            "id": "projects/probable-drive-327613/zones/us-west1-b/instances/jonathan-gen-instance",
            "instance_id": "4584959127346321295",
            "label_fingerprint": "42WmSpB8rSM=",
            "labels": {},
            "machine_type": "f1-micro",
            "metadata": {},
            "metadata_fingerprint": "ZJA2d-6HLnM=",
            "metadata_startup_script": "",
            "min_cpu_platform": "",
            "name": "jonathan-gen-instance",
            "network_interface": [
              {
                "access_config": [],
                "alias_ip_range": [],
                "name": "nic0",
                "network": "https://www.googleapis.com/compute/v1/projects/probable-drive-327613/global/networks/default",
                "network_ip": "10.138.0.4",
                "nic_type": "",
                "subnetwork": "https://www.googleapis.com/compute/v1/projects/probable-drive-327613/regions/us-west1/subnetworks/default",
                "subnetwork_project": "probable-drive-327613"
              }
            ],
            "project": "probable-drive-327613",
            "reservation_affinity": [],
            "resource_policies": [],
            "scheduling": [
              {
                "automatic_restart": true,
                "min_node_cpus": 0,
                "node_affinities": [],
                "on_host_maintenance": "MIGRATE",
                "preemptible": false
              }
            ],
            "scratch_disk": [],
            "self_link": "https://www.googleapis.com/compute/v1/projects/probable-drive-327613/zones/us-west1-b/instances/jonathan-gen-instance",
            "service_account": [],
            "shielded_instance_config": [],
            "tags": [
              "test-server"
            ],
            "tags_fingerprint": "hcq1iIHRHKw=",
            "timeouts": null,
            "zone": "us-west1-b"
          },
          "sensitive_attributes": [],
          "private": "eyJlMmJmYjczMC1lY2FhLTExZTYtOGY4OC0zNDM2M2JjN2M0YzAiOnsiY3JlYXRlIjoxMjAwMDAwMDAwMDAwLCJkZWxldGUiOjEyMDAwMDAwMDAwMDAsInVwZGF0ZSI6MTIwMDAwMDAwMDAwMH0sInNjaGVtYV92ZXJzaW9uIjoiNiJ9"
        }
      ]
    },
    {
      "mode": "managed",
      "type": "google_compute_instance",
      "name": "jonathan-gen-instance-2",
      "provider": "provider[\"registry.terraform.io/hashicorp/google\"]",
      "instances": [
        {
          "schema_version": 6,
          "attributes": {
            "advanced_machine_features": [],
            "allow_stopping_for_update": null,
            "attached_disk": [],
            "boot_disk": [
              {
                "auto_delete": true,
                "device_name": "persistent-disk-0",
                "disk_encryption_key_raw": "",
                "disk_encryption_key_sha256": "",
                "initialize_params": [
                  {
                    "image": "https://www.googleapis.com/compute/v1/projects/debian-cloud/global/images/debian-9-stretch-v20211104",
                    "labels": {},
                    "size": 10,
                    "type": "pd-standard"
                  }
                ],
                "kms_key_self_link": "",
                "mode": "READ_WRITE",
                "source": "https://www.googleapis.com/compute/v1/projects/probable-drive-327613/zones/us-west1-a/disks/jonathan-gen-instance-2"
              }
            ],
            "can_ip_forward": false,
            "confidential_instance_config": [],
            "cpu_platform": "Intel Broadwell",
            "current_status": "RUNNING",
            "deletion_protection": false,
            "description": "",
            "desired_status": null,
            "enable_display": false,
            "guest_accelerator": [],
            "hostname": "",
            "id": "projects/probable-drive-327613/zones/us-west1-a/instances/jonathan-gen-instance-2",
            "instance_id": "8555454146783327565",
            "label_fingerprint": "42WmSpB8rSM=",
            "labels": {},
            "machine_type": "f1-micro",
            "metadata": {},
            "metadata_fingerprint": "ZJA2d-6HLnM=",
            "metadata_startup_script": "",
            "min_cpu_platform": "",
            "name": "jonathan-gen-instance-2",
            "network_interface": [
              {
                "access_config": [],
                "alias_ip_range": [],
                "name": "nic0",
                "network": "https://www.googleapis.com/compute/v1/projects/probable-drive-327613/global/networks/jonathan-gen-vpc",
                "network_ip": "172.16.0.20",
                "nic_type": "",
                "subnetwork": "https://www.googleapis.com/compute/v1/projects/probable-drive-327613/regions/us-west1/subnetworks/my-subnet-0",
                "subnetwork_project": "probable-drive-327613"
              }
            ],
            "project": "probable-drive-327613",
            "reservation_affinity": [],
            "resource_policies": [],
            "scheduling": [
              {
                "automatic_restart": true,
                "min_node_cpus": 0,
                "node_affinities": [],
                "on_host_maintenance": "MIGRATE",
                "preemptible": false
              }
            ],
            "scratch_disk": [],
            "self_link": "https://www.googleapis.com/compute/v1/projects/probable-drive-327613/zones/us-west1-a/instances/jonathan-gen-instance-2",
            "service_account": [],
            "shielded_instance_config": [],
            "tags": [
              "test-server"
            ],
            "tags_fingerprint": "hcq1iIHRHKw=",
            "timeouts": null,
            "zone": "us-west1-a"
          },
          "sensitive_attributes": [],
          "private": "eyJlMmJmYjczMC1lY2FhLTExZTYtOGY4OC0zNDM2M2JjN2M0YzAiOnsiY3JlYXRlIjoxMjAwMDAwMDAwMDAwLCJkZWxldGUiOjEyMDAwMDAwMDAwMDAsInVwZGF0ZSI6MTIwMDAwMDAwMDAwMH0sInNjaGVtYV92ZXJzaW9uIjoiNiJ9"
        }
      ]
    },
    {
      "mode": "managed",
      "type": "google_compute_instance",
      "name": "jonathan-gen-instance-3",
      "provider": "provider[\"registry.terraform.io/hashicorp/google\"]",
      "instances": [
        {
          "schema_version": 6,
          "attributes": {
            "advanced_machine_features": [],
            "allow_stopping_for_update": null,
            "attached_disk": [],
            "boot_disk": [
              {
                "auto_delete": true,
                "device_name": "persistent-disk-0",
                "disk_encryption_key_raw": "",
                "disk_encryption_key_sha256": "",
                "initialize_params": [
                  {
                    "image": "https://www.googleapis.com/compute/v1/projects/debian-cloud/global/images/debian-9-stretch-v20211105",
                    "labels": {},
                    "size": 10,
                    "type": "pd-standard"
                  }
                ],
                "kms_key_self_link": "",
                "mode": "READ_WRITE",
                "source": "https://www.googleapis.com/compute/v1/projects/probable-drive-327613/zones/us-west1-b/disks/jonathan-gen-instance-3"
              }
            ],
            "can_ip_forward": false,
            "confidential_instance_config": [],
            "cpu_platform": "Intel Broadwell",
            "current_status": "RUNNING",
            "deletion_protection": false,
            "description": "",
            "desired_status": null,
            "enable_display": false,
            "guest_accelerator": [],
            "hostname": "",
            "id": "projects/probable-drive-327613/zones/us-west1-b/instances/jonathan-gen-instance-3",
            "instance_id": "6508637462685350463",
            "label_fingerprint": "42WmSpB8rSM=",
            "labels": null,
            "machine_type": "f1-micro",
            "metadata": null,
            "metadata_fingerprint": "Jm2cz17jBQ0=",
            "metadata_startup_script": "    sudo apt install ufw\r\n    sudo ufw enable\r\n    sudo ufw allow 22\r\n    sudo iptables-save\r\n",
            "min_cpu_platform": "",
            "name": "jonathan-gen-instance-3",
            "network_interface": [
              {
                "access_config": [],
                "alias_ip_range": [],
                "name": "nic0",
                "network": "https://www.googleapis.com/compute/v1/projects/probable-drive-327613/global/networks/jonathan-gen-vpc",
                "network_ip": "172.16.0.25",
                "nic_type": "",
                "subnetwork": "https://www.googleapis.com/compute/v1/projects/probable-drive-327613/regions/us-west1/subnetworks/my-subnet-0",
                "subnetwork_project": "probable-drive-327613"
              }
            ],
            "project": "probable-drive-327613",
            "reservation_affinity": [],
            "resource_policies": null,
            "scheduling": [
              {
                "automatic_restart": true,
                "min_node_cpus": 0,
                "node_affinities": [],
                "on_host_maintenance": "MIGRATE",
                "preemptible": false
              }
            ],
            "scratch_disk": [],
            "self_link": "https://www.googleapis.com/compute/v1/projects/probable-drive-327613/zones/us-west1-b/instances/jonathan-gen-instance-3",
            "service_account": [],
            "shielded_instance_config": [],
            "tags": [
              "test-server"
            ],
            "tags_fingerprint": "hcq1iIHRHKw=",
            "timeouts": null,
            "zone": "us-west1-b"
          },
          "sensitive_attributes": [],
          "private": "eyJlMmJmYjczMC1lY2FhLTExZTYtOGY4OC0zNDM2M2JjN2M0YzAiOnsiY3JlYXRlIjoxMjAwMDAwMDAwMDAwLCJkZWxldGUiOjEyMDAwMDAwMDAwMDAsInVwZGF0ZSI6MTIwMDAwMDAwMDAwMH0sInNjaGVtYV92ZXJzaW9uIjoiNiJ9"
        }
      ]
    },
    {
      "mode": "managed",
      "type": "google_compute_network",
      "name": "jonathan-gen-vpc",
      "provider": "provider[\"registry.terraform.io/hashicorp/google\"]",
      "instances": [
        {
          "schema_version": 0,
          "attributes": {
            "auto_create_subnetworks": false,
            "delete_default_routes_on_create": false,
            "description": "",
            "gateway_ipv4": "",
            "id": "projects/probable-drive-327613/global/networks/jonathan-gen-vpc",
            "mtu": 1460,
            "name": "jonathan-gen-vpc",
            "project": "probable-drive-327613",
            "routing_mode": "REGIONAL",
            "self_link": "https://www.googleapis.com/compute/v1/projects/probable-drive-327613/global/networks/jonathan-gen-vpc",
            "timeouts": null
          },
          "sensitive_attributes": [],
          "private": "eyJlMmJmYjczMC1lY2FhLTExZTYtOGY4OC0zNDM2M2JjN2M0YzAiOnsiY3JlYXRlIjoyNDAwMDAwMDAwMDAsImRlbGV0ZSI6MjQwMDAwMDAwMDAwLCJ1cGRhdGUiOjI0MDAwMDAwMDAwMH19"
        }
      ]
    },
    {
      "mode": "managed",
      "type": "google_compute_router",
      "name": "nat-router-default-uswe1",
      "provider": "provider[\"registry.terraform.io/hashicorp/google\"]",
      "instances": [
        {
          "schema_version": 0,
          "attributes": {
            "bgp": [],
            "creation_timestamp": "2021-11-04T06:29:56.426-07:00",
            "description": "",
            "id": "projects/probable-drive-327613/regions/us-west1/routers/nat-router-default-uswe1",
            "name": "nat-router-default-uswe1",
            "network": "https://www.googleapis.com/compute/v1/projects/probable-drive-327613/global/networks/default",
            "project": "probable-drive-327613",
            "region": "us-west1",
            "self_link": "https://www.googleapis.com/compute/v1/projects/probable-drive-327613/regions/us-west1/routers/nat-router-default-uswe1",
            "timeouts": null
          },
          "sensitive_attributes": [],
          "private": "eyJlMmJmYjczMC1lY2FhLTExZTYtOGY4OC0zNDM2M2JjN2M0YzAiOnsiY3JlYXRlIjoyNDAwMDAwMDAwMDAsImRlbGV0ZSI6MjQwMDAwMDAwMDAwLCJ1cGRhdGUiOjI0MDAwMDAwMDAwMH19"
        }
      ]
    },
    {
      "mode": "managed",
      "type": "google_compute_router",
      "name": "nat-router-usce1",
      "provider": "provider[\"registry.terraform.io/hashicorp/google\"]",
      "instances": [
        {
          "schema_version": 0,
          "attributes": {
            "bgp": [],
            "creation_timestamp": "2021-11-04T02:28:21.909-07:00",
            "description": "",
            "id": "projects/probable-drive-327613/regions/us-central1/routers/nat-router-usce1",
            "name": "nat-router-usce1",
            "network": "https://www.googleapis.com/compute/v1/projects/probable-drive-327613/global/networks/default",
            "project": "probable-drive-327613",
            "region": "us-central1",
            "self_link": "https://www.googleapis.com/compute/v1/projects/probable-drive-327613/regions/us-central1/routers/nat-router-usce1",
            "timeouts": null
          },
          "sensitive_attributes": [],
          "private": "eyJlMmJmYjczMC1lY2FhLTExZTYtOGY4OC0zNDM2M2JjN2M0YzAiOnsiY3JlYXRlIjoyNDAwMDAwMDAwMDAsImRlbGV0ZSI6MjQwMDAwMDAwMDAwLCJ1cGRhdGUiOjI0MDAwMDAwMDAwMH19"
        }
      ]
    },
    {
      "mode": "managed",
      "type": "google_compute_router",
      "name": "nat-router-uswe1",
      "provider": "provider[\"registry.terraform.io/hashicorp/google\"]",
      "instances": [
        {
          "schema_version": 0,
          "attributes": {
            "bgp": [],
            "creation_timestamp": "2021-11-04T02:28:34.018-07:00",
            "description": "",
            "id": "projects/probable-drive-327613/regions/us-west1/routers/nat-router-uswe1",
            "name": "nat-router-uswe1",
            "network": "https://www.googleapis.com/compute/v1/projects/probable-drive-327613/global/networks/jonathan-gen-vpc",
            "project": "probable-drive-327613",
            "region": "us-west1",
            "self_link": "https://www.googleapis.com/compute/v1/projects/probable-drive-327613/regions/us-west1/routers/nat-router-uswe1",
            "timeouts": null
          },
          "sensitive_attributes": [],
          "private": "eyJlMmJmYjczMC1lY2FhLTExZTYtOGY4OC0zNDM2M2JjN2M0YzAiOnsiY3JlYXRlIjoyNDAwMDAwMDAwMDAsImRlbGV0ZSI6MjQwMDAwMDAwMDAwLCJ1cGRhdGUiOjI0MDAwMDAwMDAwMH19",
          "dependencies": [
            "google_compute_network.jonathan-gen-vpc"
          ]
        }
      ]
    },
    {
      "mode": "managed",
      "type": "google_compute_router_nat",
      "name": "nat-config-default-uswe1",
      "provider": "provider[\"registry.terraform.io/hashicorp/google\"]",
      "instances": [
        {
          "schema_version": 0,
          "attributes": {
            "drain_nat_ips": [],
            "enable_endpoint_independent_mapping": true,
            "icmp_idle_timeout_sec": 30,
            "id": "probable-drive-327613/us-west1/nat-router-default-uswe1/nat-config-uswe1",
            "log_config": [],
            "min_ports_per_vm": 0,
            "name": "nat-config-uswe1",
            "nat_ip_allocate_option": "AUTO_ONLY",
            "nat_ips": [],
            "project": "probable-drive-327613",
            "region": "us-west1",
            "router": "nat-router-default-uswe1",
            "source_subnetwork_ip_ranges_to_nat": "ALL_SUBNETWORKS_ALL_IP_RANGES",
            "subnetwork": [],
            "tcp_established_idle_timeout_sec": 1200,
            "tcp_transitory_idle_timeout_sec": 30,
            "timeouts": null,
            "udp_idle_timeout_sec": 30
          },
          "sensitive_attributes": [],
          "private": "eyJlMmJmYjczMC1lY2FhLTExZTYtOGY4OC0zNDM2M2JjN2M0YzAiOnsiY3JlYXRlIjo2MDAwMDAwMDAwMDAsImRlbGV0ZSI6NjAwMDAwMDAwMDAwLCJ1cGRhdGUiOjYwMDAwMDAwMDAwMH19",
          "dependencies": [
            "google_compute_router.nat-router-default-uswe1"
          ]
        }
      ]
    },
    {
      "mode": "managed",
      "type": "google_compute_router_nat",
      "name": "nat-config-usce1",
      "provider": "provider[\"registry.terraform.io/hashicorp/google\"]",
      "instances": [
        {
          "schema_version": 0,
          "attributes": {
            "drain_nat_ips": [],
            "enable_endpoint_independent_mapping": true,
            "icmp_idle_timeout_sec": 30,
            "id": "probable-drive-327613/us-central1/nat-router-usce1/nat-config-usce1",
            "log_config": [],
            "min_ports_per_vm": 0,
            "name": "nat-config-usce1",
            "nat_ip_allocate_option": "AUTO_ONLY",
            "nat_ips": [],
            "project": "probable-drive-327613",
            "region": "us-central1",
            "router": "nat-router-usce1",
            "source_subnetwork_ip_ranges_to_nat": "ALL_SUBNETWORKS_ALL_IP_RANGES",
            "subnetwork": [],
            "tcp_established_idle_timeout_sec": 1200,
            "tcp_transitory_idle_timeout_sec": 30,
            "timeouts": null,
            "udp_idle_timeout_sec": 30
          },
          "sensitive_attributes": [],
          "private": "eyJlMmJmYjczMC1lY2FhLTExZTYtOGY4OC0zNDM2M2JjN2M0YzAiOnsiY3JlYXRlIjo2MDAwMDAwMDAwMDAsImRlbGV0ZSI6NjAwMDAwMDAwMDAwLCJ1cGRhdGUiOjYwMDAwMDAwMDAwMH19",
          "dependencies": [
            "google_compute_router.nat-router-usce1"
          ]
        }
      ]
    },
    {
      "mode": "managed",
      "type": "google_compute_router_nat",
      "name": "nat-config-uswe1",
      "provider": "provider[\"registry.terraform.io/hashicorp/google\"]",
      "instances": [
        {
          "schema_version": 0,
          "attributes": {
            "drain_nat_ips": [],
            "enable_endpoint_independent_mapping": true,
            "icmp_idle_timeout_sec": 30,
            "id": "probable-drive-327613/us-west1/nat-router-uswe1/nat-config-uswe1",
            "log_config": [],
            "min_ports_per_vm": 0,
            "name": "nat-config-uswe1",
            "nat_ip_allocate_option": "AUTO_ONLY",
            "nat_ips": [],
            "project": "probable-drive-327613",
            "region": "us-west1",
            "router": "nat-router-uswe1",
            "source_subnetwork_ip_ranges_to_nat": "ALL_SUBNETWORKS_ALL_IP_RANGES",
            "subnetwork": [],
            "tcp_established_idle_timeout_sec": 1200,
            "tcp_transitory_idle_timeout_sec": 30,
            "timeouts": null,
            "udp_idle_timeout_sec": 30
          },
          "sensitive_attributes": [],
          "private": "eyJlMmJmYjczMC1lY2FhLTExZTYtOGY4OC0zNDM2M2JjN2M0YzAiOnsiY3JlYXRlIjo2MDAwMDAwMDAwMDAsImRlbGV0ZSI6NjAwMDAwMDAwMDAwLCJ1cGRhdGUiOjYwMDAwMDAwMDAwMH19",
          "dependencies": [
            "google_compute_network.jonathan-gen-vpc",
            "google_compute_router.nat-router-uswe1"
          ]
        }
      ]
    },
    {
      "mode": "managed",
      "type": "google_compute_subnetwork",
      "name": "jonathan-gen-usce1-sn",
      "provider": "provider[\"registry.terraform.io/hashicorp/google\"]",
      "instances": [
        {
          "schema_version": 0,
          "attributes": {
            "creation_timestamp": "2021-11-04T02:28:34.201-07:00",
            "description": "",
            "fingerprint": null,
            "gateway_address": "172.16.0.1",
            "id": "projects/probable-drive-327613/regions/us-central1/subnetworks/jonathan-gen-usce1-sn",
            "ip_cidr_range": "172.16.0.0/28",
            "log_config": [],
            "name": "jonathan-gen-usce1-sn",
            "network": "https://www.googleapis.com/compute/v1/projects/probable-drive-327613/global/networks/jonathan-gen-vpc",
            "private_ip_google_access": false,
            "private_ipv6_google_access": "DISABLE_GOOGLE_ACCESS",
            "project": "probable-drive-327613",
            "purpose": "PRIVATE",
            "region": "us-central1",
            "role": "",
            "secondary_ip_range": [],
            "self_link": "https://www.googleapis.com/compute/v1/projects/probable-drive-327613/regions/us-central1/subnetworks/jonathan-gen-usce1-sn",
            "timeouts": null
          },
          "sensitive_attributes": [],
          "private": "eyJlMmJmYjczMC1lY2FhLTExZTYtOGY4OC0zNDM2M2JjN2M0YzAiOnsiY3JlYXRlIjozNjAwMDAwMDAwMDAsImRlbGV0ZSI6MzYwMDAwMDAwMDAwLCJ1cGRhdGUiOjM2MDAwMDAwMDAwMH19",
          "dependencies": [
            "google_compute_network.jonathan-gen-vpc"
          ]
        }
      ]
    },
    {
      "mode": "managed",
      "type": "google_compute_subnetwork",
      "name": "my-subnet-0",
      "provider": "provider[\"registry.terraform.io/hashicorp/google\"]",
      "instances": [
        {
          "schema_version": 0,
          "attributes": {
            "creation_timestamp": "2021-11-04T02:28:34.330-07:00",
            "description": "",
            "fingerprint": null,
            "gateway_address": "172.16.0.17",
            "id": "projects/probable-drive-327613/regions/us-west1/subnetworks/my-subnet-0",
            "ip_cidr_range": "172.16.0.16/28",
            "log_config": [],
            "name": "my-subnet-0",
            "network": "https://www.googleapis.com/compute/v1/projects/probable-drive-327613/global/networks/jonathan-gen-vpc",
            "private_ip_google_access": false,
            "private_ipv6_google_access": "DISABLE_GOOGLE_ACCESS",
            "project": "probable-drive-327613",
            "purpose": "PRIVATE",
            "region": "us-west1",
            "role": "",
            "secondary_ip_range": [
              {
                "ip_cidr_range": "172.20.0.0/20",
                "range_name": "pod-range"
              },
              {
                "ip_cidr_range": "172.21.0.0/20",
                "range_name": "service-range"
              }
            ],
            "self_link": "https://www.googleapis.com/compute/v1/projects/probable-drive-327613/regions/us-west1/subnetworks/my-subnet-0",
            "timeouts": null
          },
          "sensitive_attributes": [],
          "private": "eyJlMmJmYjczMC1lY2FhLTExZTYtOGY4OC0zNDM2M2JjN2M0YzAiOnsiY3JlYXRlIjozNjAwMDAwMDAwMDAsImRlbGV0ZSI6MzYwMDAwMDAwMDAwLCJ1cGRhdGUiOjM2MDAwMDAwMDAwMH19",
          "dependencies": [
            "google_compute_network.jonathan-gen-vpc"
          ]
        }
      ]
    },
    {
      "mode": "managed",
      "type": "google_container_cluster",
      "name": "private-cluster-0",
      "provider": "provider[\"registry.terraform.io/hashicorp/google\"]",
      "instances": [
        {
          "schema_version": 1,
          "attributes": {
            "addons_config": [
              {
                "cloudrun_config": [],
                "horizontal_pod_autoscaling": [],
                "http_load_balancing": [],
                "network_policy_config": [
                  {
                    "disabled": true
                  }
                ]
              }
            ],
            "authenticator_groups_config": [],
            "cluster_autoscaling": [
              {
                "auto_provisioning_defaults": [],
                "enabled": false,
                "resource_limits": []
              }
            ],
            "cluster_ipv4_cidr": "172.20.0.0/20",
            "database_encryption": [
              {
                "key_name": "",
                "state": "DECRYPTED"
              }
            ],
            "datapath_provider": "",
            "default_max_pods_per_node": 110,
            "default_snat_status": [
              {
                "disabled": false
              }
            ],
            "description": "",
            "enable_autopilot": false,
            "enable_binary_authorization": false,
            "enable_intranode_visibility": false,
            "enable_kubernetes_alpha": false,
            "enable_legacy_abac": false,
            "enable_shielded_nodes": true,
            "enable_tpu": false,
            "endpoint": "172.19.0.34",
            "id": "projects/probable-drive-327613/locations/us-west1-a/clusters/private-cluster-0",
            "initial_node_count": 2,
            "instance_group_urls": [
              "https://www.googleapis.com/compute/v1/projects/probable-drive-327613/zones/us-west1-a/instanceGroups/gke-private-cluster-0-default-pool-83bd9a60-grp"
            ],
            "ip_allocation_policy": [
              {
                "cluster_ipv4_cidr_block": "172.20.0.0/20",
                "cluster_secondary_range_name": "pod-range",
                "services_ipv4_cidr_block": "172.21.0.0/20",
                "services_secondary_range_name": "service-range"
              }
            ],
            "label_fingerprint": "a9dc16a7",
            "location": "us-west1-a",
            "logging_config": [
              {
                "enable_components": [
                  "SYSTEM_COMPONENTS",
                  "WORKLOADS"
                ]
              }
            ],
            "logging_service": "logging.googleapis.com/kubernetes",
            "maintenance_policy": [],
            "master_auth": [
              {
                "client_certificate": "",
                "client_certificate_config": [
                  {
                    "issue_client_certificate": false
                  }
                ],
                "client_key": "",
                "cluster_ca_certificate": "LS0tLS1CRUdJTiBDRVJUSUZJQ0FURS0tLS0tCk1JSUVMRENDQXBTZ0F3SUJBZ0lRWnFmeDRleUFoeTUvSnUxTmhTSnJoVEFOQmdrcWhraUc5dzBCQVFzRkFEQXYKTVMwd0t3WURWUVFERXlRd09EVmpObVk1TUMwek4yVXlMVFF3TURrdFlqWXdZaTFoTURaalpUZ3hNMlkxTURjdwpJQmNOTWpFeE1UQTBNRGd5T0RVNVdoZ1BNakExTVRFd01qZ3dPVEk0TlRsYU1DOHhMVEFyQmdOVkJBTVRKREE0Ck5XTTJaamt3TFRNM1pUSXROREF3T1MxaU5qQmlMV0V3Tm1ObE9ERXpaalV3TnpDQ0FhSXdEUVlKS29aSWh2Y04KQVFFQkJRQURnZ0dQQURDQ0FZb0NnZ0dCQUprNXo5eThUUzNYUTN2VkFKSFJmMUw3RGpldURTN2UvWHYrNFZLeApDL20yL0pYQkJjSmczUUtKbWxoSFg1QnJHdUpRK1VlRUVCc1M5UnBjRUpDbWVQRmRIZE1KQTF4Y2FtaFRxSkpiCmpzeE15USt3bjFWSm4vSC8vdXJKOGxaZVVXQ0JSN2dVT3BEa2YrVXdZbUxhZy9ER2NYL1FXNksxMGUvSU5idnUKRHZuMm91MUwvTUNIOEVRMElISXYxQlZkaURLaCtDZ1ZTTWJhcGV2UXlvMVp1L3J6Y1pSSHF1ekZaUnRYaEpieQpZc1RGaXNUL0pXcy9xWkZDeUpUZ1RIMW0vRlMzL29scEo2Q3ZZYzd4bHNYM0k3bC91V3AvQnJJRjBOZDZERk9lClQwS0RDSnRlL1RHRVRSbjBIZ0VTREZ0QUVnMGtkbm1aRTZqRDlOSWtKYjJzMlJERFBaeXRNYnRxNVQvZHZZRUwKZkRJSWZzT3A3RWlsZThpVDJUNHB0d0RJMFEyUmVPUVI2UjQ4UVNQbVZNdEUxVnUxbDBlWUN2VHplckNsbzh3eQpnaXppZFpJSnRENGd5NXdrcDFXODRMWnZoclpIUXgrRXZzTUV6b002ZXJYTmx6QUtReDlWNUkvZU9aeHdGek1LCnBwZ0piY1ZrMTEyNjk4M2RZc0RxV3ZzL3R3SURBUUFCbzBJd1FEQU9CZ05WSFE4QkFmOEVCQU1DQWdRd0R3WUQKVlIwVEFRSC9CQVV3QXdFQi96QWRCZ05WSFE0RUZnUVUxMXFHbm4yaVd5TWVTNnNYYmVtRjFKaHA0YWt3RFFZSgpLb1pJaHZjTkFRRUxCUUFEZ2dHQkFEQUErd1RBU2lVaDZ2MzJ0WVVkSERiOG12S3FjVDdaK3NCd3hkdXlGNm11Cnh4L2Yva0piNGJib1JMeEFOSG44WFpkRWZLUXR3UmhJSXlNdnlhU0Y0QVJrYTBqdG41WGNCdzV3S3ZZWUduOXYKZVRObDkzQVFuMTU2MHBQZWhSbFVha0VObFFsVFZWK3pPNjZ3aTNydHFsYldlL0dDalVYMENpWERVWndhaUtwYgpja1hucW82S0Q5TXU4V2k2Ky8yZjRHS0JrZlpVZUd6UWU4bjJtZ283eUtzbStFNDBEaXVTb2lwZ3NCMWVYbXFICkxYS2J5NkZFSHZ1OGxWbDZtRFFUQkVUeENCQjBXUU0wdUFIdlZkUmM5WGxGSGp1WTBZRDBMOVNpNjdGRkFKN0QKZkZ5azYySjRXc1EzSmM1RDdMUkZtMTdqSm8yOHk1MmxjRUVacXBmdW5TUjJnRms3amEvVHQzc0dFVVFYN2FRcQoycVgyaElmR2VCSFpwRVVpdm1LdU1hNDJuTU5kTXhaT29uNVp5SExaTzNFZXpCSUlvU0tIblRkU3lqQUo1amh2CmZTdWFWdW5sNXQzYXNQcUVoQ1U5L2tPT1RJTTkrbVBGZk9UZERnL1Jsc1lNaU5HQ09QSTVBVFJ0ckJZNDJkRzUKenFORmRvRHRySDRrTUZwQmJpbWJ3dz09Ci0tLS0tRU5EIENFUlRJRklDQVRFLS0tLS0K",
                "password": "",
                "username": ""
              }
            ],
            "master_authorized_networks_config": [
              {
                "cidr_blocks": [
                  {
                    "cidr_block": "10.138.0.3/32",
                    "display_name": "from-default-network"
                  }
                ]
              }
            ],
            "master_version": "1.20.10-gke.1600",
            "min_master_version": null,
            "monitoring_config": [
              {
                "enable_components": [
                  "SYSTEM_COMPONENTS"
                ]
              }
            ],
            "monitoring_service": "monitoring.googleapis.com/kubernetes",
            "name": "private-cluster-0",
            "network": "projects/probable-drive-327613/global/networks/jonathan-gen-vpc",
            "network_policy": [
              {
                "enabled": false,
                "provider": "PROVIDER_UNSPECIFIED"
              }
            ],
            "networking_mode": "VPC_NATIVE",
            "node_config": [
              {
                "disk_size_gb": 10,
                "disk_type": "pd-standard",
                "guest_accelerator": [],
                "image_type": "COS_CONTAINERD",
                "labels": {},
                "local_ssd_count": 0,
                "machine_type": "n1-standard-2",
                "metadata": {
                  "disable-legacy-endpoints": "true"
                },
                "min_cpu_platform": "",
                "oauth_scopes": [
                  "https://www.googleapis.com/auth/logging.write",
                  "https://www.googleapis.com/auth/monitoring"
                ],
                "preemptible": false,
                "service_account": "default",
                "shielded_instance_config": [
                  {
                    "enable_integrity_monitoring": true,
                    "enable_secure_boot": true
                  }
                ],
                "tags": [
                  "gke-cluster"
                ],
                "taint": [],
                "workload_metadata_config": []
              }
            ],
            "node_locations": [],
            "node_pool": [
              {
                "autoscaling": [],
                "initial_node_count": 2,
                "instance_group_urls": [
                  "https://www.googleapis.com/compute/v1/projects/probable-drive-327613/zones/us-west1-a/instanceGroupManagers/gke-private-cluster-0-default-pool-83bd9a60-grp"
                ],
                "management": [
                  {
                    "auto_repair": true,
                    "auto_upgrade": true
                  }
                ],
                "max_pods_per_node": 110,
                "name": "default-pool",
                "name_prefix": "",
                "node_config": [
                  {
                    "disk_size_gb": 10,
                    "disk_type": "pd-standard",
                    "guest_accelerator": [],
                    "image_type": "COS_CONTAINERD",
                    "labels": {},
                    "local_ssd_count": 0,
                    "machine_type": "n1-standard-2",
                    "metadata": {
                      "disable-legacy-endpoints": "true"
                    },
                    "min_cpu_platform": "",
                    "oauth_scopes": [
                      "https://www.googleapis.com/auth/logging.write",
                      "https://www.googleapis.com/auth/monitoring"
                    ],
                    "preemptible": false,
                    "service_account": "default",
                    "shielded_instance_config": [
                      {
                        "enable_integrity_monitoring": true,
                        "enable_secure_boot": true
                      }
                    ],
                    "tags": [
                      "gke-cluster"
                    ],
                    "taint": [],
                    "workload_metadata_config": []
                  }
                ],
                "node_count": 2,
                "node_locations": [
                  "us-west1-a"
                ],
                "upgrade_settings": [
                  {
                    "max_surge": 1,
                    "max_unavailable": 0
                  }
                ],
                "version": "1.20.10-gke.301"
              }
            ],
            "node_version": "1.20.10-gke.301",
            "operation": null,
            "pod_security_policy_config": [],
            "private_cluster_config": [
              {
                "enable_private_endpoint": true,
                "enable_private_nodes": true,
                "master_global_access_config": [
                  {
                    "enabled": true
                  }
                ],
                "master_ipv4_cidr_block": "172.19.0.32/28",
                "peering_name": "gke-n33dc6c82e8f4080fc84-c2d9-95ce-peer",
                "private_endpoint": "172.19.0.34",
                "public_endpoint": "35.199.153.28"
              }
            ],
            "private_ipv6_google_access": "",
            "project": "probable-drive-327613",
            "release_channel": [
              {
                "channel": "REGULAR"
              }
            ],
            "remove_default_node_pool": null,
            "resource_labels": {},
            "resource_usage_export_config": [],
            "self_link": "https://container.googleapis.com/v1beta1/projects/probable-drive-327613/zones/us-west1-a/clusters/private-cluster-0",
            "services_ipv4_cidr": "172.21.0.0/20",
            "subnetwork": "projects/probable-drive-327613/regions/us-west1/subnetworks/my-subnet-0",
            "timeouts": null,
            "tpu_ipv4_cidr_block": "",
            "vertical_pod_autoscaling": [],
            "workload_identity_config": []
          },
          "sensitive_attributes": [],
          "private": "eyJlMmJmYjczMC1lY2FhLTExZTYtOGY4OC0zNDM2M2JjN2M0YzAiOnsiY3JlYXRlIjoyNDAwMDAwMDAwMDAwLCJkZWxldGUiOjI0MDAwMDAwMDAwMDAsInJlYWQiOjI0MDAwMDAwMDAwMDAsInVwZGF0ZSI6MzYwMDAwMDAwMDAwMH0sInNjaGVtYV92ZXJzaW9uIjoiMSJ9",
          "dependencies": [
            "google_compute_subnetwork.my-subnet-0",
            "google_compute_network.jonathan-gen-vpc"
          ]
        }
      ]
    }
  ]
}
